# THIS IS AN AUTOGENERATED FILE. DO NOT EDIT THIS FILE DIRECTLY.
# yarn lockfile v1


flexboxgrid-sass@^8.0.5:
  version "8.0.5"
  resolved "https://registry.yarnpkg.com/flexboxgrid-sass/-/flexboxgrid-sass-8.0.5.tgz#18027bc7a92f98ce877725cb36f0173bd1e74f17"
  integrity sha1-GAJ7x6kvmM6HdyXLNvAXO9HnTxc=
  dependencies:
    sass-flex-mixin "^1.0.3"

sass-flex-mixin@^1.0.3:
  version "1.0.3"
  resolved "https://registry.yarnpkg.com/sass-flex-mixin/-/sass-flex-mixin-1.0.3.tgz#a504d62062f7b0e773aebc395de1f45aaa6e4fd0"
  integrity sha1-pQTWIGL3sOdzrrw5XeH0WqpuT9A=
